
Microsoft Visual Studio Solution File, Format Version 12.00
# Visual Studio 2013
VisualStudioVersion = 12.0.31101.0
MinimumVisualStudioVersion = 10.0.40219.1
Project("{8BC9CEB8-8B4A-11D0-8D11-00A0C91BC942}") = "Problem1", "Problem1\Problem1.vcxproj", "{C68C44DB-1964-4363-9BE9-360C55F2BF06}"
EndProject
Project("{8BC9CEB8-8B4A-11D0-8D11-00A0C91BC942}") = "Problem2", "Problem2\Problem2.vcxproj", "{8D6B189A-424C-4643-85F9-5F9D03E91E0F}"
EndProject
Project("{8BC9CEB8-8B4A-11D0-8D11-00A0C91BC942}") = "Problem3", "Problem3\Problem3.vcxproj", "{38B06E74-1D8E-44B1-9E0F-D9B9D054ED35}"
EndProject
Project("{8BC9CEB8-8B4A-11D0-8D11-00A0C91BC942}") = "Problem4", "Problem4\Problem4.vcxproj", "{032001DD-BEB7-445A-8AF1-A49225917C1B}"
EndProject
Project("{8BC9CEB8-8B4A-11D0-8D11-00A0C91BC942}") = "Problem5", "Problem5\Problem5.vcxproj", "{88A738FF-747F-4823-A395-9B03ED996A1D}"
EndProject
Project("{8BC9CEB8-8B4A-11D0-8D11-00A0C91BC942}") = "Problem6", "Problem6\Problem6.vcxproj", "{07C9AEC7-58FB-4719-A574-6A3924CE53F3}"
EndProject
Project("{8BC9CEB8-8B4A-11D0-8D11-00A0C91BC942}") = "Problem7", "Problem7\Problem7.vcxproj", "{E2742342-969C-4418-BDBF-256AE80EFA52}"
EndProject
Project("{8BC9CEB8-8B4A-11D0-8D11-00A0C91BC942}") = "Problem8", "Problem8\Problem8.vcxproj", "{02F1B5C7-D063-4A01-AB3E-B8B356525F14}"
EndProject
Global
	GlobalSection(SolutionConfigurationPlatforms) = preSolution
		Debug|Win32 = Debug|Win32
		Release|Win32 = Release|Win32
	EndGlobalSection
	GlobalSection(ProjectConfigurationPlatforms) = postSolution
		{C68C44DB-1964-4363-9BE9-360C55F2BF06}.Debug|Win32.ActiveCfg = Debug|Win32
		{C68C44DB-1964-4363-9BE9-360C55F2BF06}.Debug|Win32.Build.0 = Debug|Win32
		{C68C44DB-1964-4363-9BE9-360C55F2BF06}.Release|Win32.ActiveCfg = Release|Win32
		{C68C44DB-1964-4363-9BE9-360C55F2BF06}.Release|Win32.Build.0 = Release|Win32
		{8D6B189A-424C-4643-85F9-5F9D03E91E0F}.Debug|Win32.ActiveCfg = Debug|Win32
		{8D6B189A-424C-4643-85F9-5F9D03E91E0F}.Debug|Win32.Build.0 = Debug|Win32
		{8D6B189A-424C-4643-85F9-5F9D03E91E0F}.Release|Win32.ActiveCfg = Release|Win32
		{8D6B189A-424C-4643-85F9-5F9D03E91E0F}.Release|Win32.Build.0 = Release|Win32
		{38B06E74-1D8E-44B1-9E0F-D9B9D054ED35}.Debug|Win32.ActiveCfg = Debug|Win32
		{38B06E74-1D8E-44B1-9E0F-D9B9D054ED35}.Debug|Win32.Build.0 = Debug|Win32
		{38B06E74-1D8E-44B1-9E0F-D9B9D054ED35}.Release|Win32.ActiveCfg = Release|Win32
		{38B06E74-1D8E-44B1-9E0F-D9B9D054ED35}.Release|Win32.Build.0 = Release|Win32
		{032001DD-BEB7-445A-8AF1-A49225917C1B}.Debug|Win32.ActiveCfg = Debug|Win32
		{032001DD-BEB7-445A-8AF1-A49225917C1B}.Debug|Win32.Build.0 = Debug|Win32
		{032001DD-BEB7-445A-8AF1-A49225917C1B}.Release|Win32.ActiveCfg = Release|Win32
		{032001DD-BEB7-445A-8AF1-A49225917C1B}.Release|Win32.Build.0 = Release|Win32
		{88A738FF-747F-4823-A395-9B03ED996A1D}.Debug|Win32.ActiveCfg = Debug|Win32
		{88A738FF-747F-4823-A395-9B03ED996A1D}.Debug|Win32.Build.0 = Debug|Win32
		{88A738FF-747F-4823-A395-9B03ED996A1D}.Release|Win32.ActiveCfg = Release|Win32
		{88A738FF-747F-4823-A395-9B03ED996A1D}.Release|Win32.Build.0 = Release|Win32
		{07C9AEC7-58FB-4719-A574-6A3924CE53F3}.Debug|Win32.ActiveCfg = Debug|Win32
		{07C9AEC7-58FB-4719-A574-6A3924CE53F3}.Debug|Win32.Build.0 = Debug|Win32
		{07C9AEC7-58FB-4719-A574-6A3924CE53F3}.Release|Win32.ActiveCfg = Release|Win32
		{07C9AEC7-58FB-4719-A574-6A3924CE53F3}.Release|Win32.Build.0 = Release|Win32
		{E2742342-969C-4418-BDBF-256AE80EFA52}.Debug|Win32.ActiveCfg = Debug|Win32
		{E2742342-969C-4418-BDBF-256AE80EFA52}.Debug|Win32.Build.0 = Debug|Win32
		{E2742342-969C-4418-BDBF-256AE80EFA52}.Release|Win32.ActiveCfg = Release|Win32
		{E2742342-969C-4418-BDBF-256AE80EFA52}.Release|Win32.Build.0 = Release|Win32
		{02F1B5C7-D063-4A01-AB3E-B8B356525F14}.Debug|Win32.ActiveCfg = Debug|Win32
		{02F1B5C7-D063-4A01-AB3E-B8B356525F14}.Debug|Win32.Build.0 = Debug|Win32
		{02F1B5C7-D063-4A01-AB3E-B8B356525F14}.Release|Win32.ActiveCfg = Release|Win32
		{02F1B5C7-D063-4A01-AB3E-B8B356525F14}.Release|Win32.Build.0 = Release|Win32
	EndGlobalSection
	GlobalSection(SolutionProperties) = preSolution
		HideSolutionNode = FALSE
	EndGlobalSection
EndGlobal
