
Microsoft Visual Studio Solution File, Format Version 12.00
# Visual Studio 2013
VisualStudioVersion = 12.0.31101.0
MinimumVisualStudioVersion = 10.0.40219.1
Project("{8BC9CEB8-8B4A-11D0-8D11-00A0C91BC942}") = "Problem001", "Problem001\Problem001.vcxproj", "{C68C44DB-1964-4363-9BE9-360C55F2BF06}"
EndProject
Project("{8BC9CEB8-8B4A-11D0-8D11-00A0C91BC942}") = "Problem002", "Problem002\Problem002.vcxproj", "{8D6B189A-424C-4643-85F9-5F9D03E91E0F}"
EndProject
Project("{8BC9CEB8-8B4A-11D0-8D11-00A0C91BC942}") = "Problem003", "Problem003\Problem003.vcxproj", "{38B06E74-1D8E-44B1-9E0F-D9B9D054ED35}"
EndProject
Project("{8BC9CEB8-8B4A-11D0-8D11-00A0C91BC942}") = "Problem004", "Problem004\Problem004.vcxproj", "{032001DD-BEB7-445A-8AF1-A49225917C1B}"
EndProject
Project("{8BC9CEB8-8B4A-11D0-8D11-00A0C91BC942}") = "Problem005", "Problem005\Problem005.vcxproj", "{88A738FF-747F-4823-A395-9B03ED996A1D}"
EndProject
Project("{8BC9CEB8-8B4A-11D0-8D11-00A0C91BC942}") = "Problem006", "Problem006\Problem006.vcxproj", "{07C9AEC7-58FB-4719-A574-6A3924CE53F3}"
EndProject
Project("{8BC9CEB8-8B4A-11D0-8D11-00A0C91BC942}") = "Problem007", "Problem007\Problem007.vcxproj", "{E2742342-969C-4418-BDBF-256AE80EFA52}"
EndProject
Project("{8BC9CEB8-8B4A-11D0-8D11-00A0C91BC942}") = "Problem008", "Problem008\Problem008.vcxproj", "{02F1B5C7-D063-4A01-AB3E-B8B356525F14}"
EndProject
Project("{8BC9CEB8-8B4A-11D0-8D11-00A0C91BC942}") = "Problem009", "Problem009\Problem009.vcxproj", "{262EE9A1-6CFB-4332-A711-45949A973323}"
EndProject
Project("{8BC9CEB8-8B4A-11D0-8D11-00A0C91BC942}") = "Problem010", "Problem010\Problem010.vcxproj", "{DFD2C1F8-FF83-4972-A013-6AA5DC71BD53}"
EndProject
Project("{8BC9CEB8-8B4A-11D0-8D11-00A0C91BC942}") = "Problem011", "Problem011\Problem011.vcxproj", "{BA2BC11D-3C2B-4073-98EC-11CA13E6F8B8}"
EndProject
Project("{8BC9CEB8-8B4A-11D0-8D11-00A0C91BC942}") = "Problem012", "Problem012\Problem012.vcxproj", "{FEE4AD28-40FF-4361-B1BB-CBAA1E8A9DCC}"
EndProject
Project("{8BC9CEB8-8B4A-11D0-8D11-00A0C91BC942}") = "Problem013", "Problem013\Problem013.vcxproj", "{ED4B17C3-79B2-44B2-B73F-2A784F45E410}"
EndProject
Project("{8BC9CEB8-8B4A-11D0-8D11-00A0C91BC942}") = "Problem014", "Problem014\Problem014.vcxproj", "{5CBAC682-864B-4EF7-B53A-7CC8693501D0}"
EndProject
Global
	GlobalSection(SolutionConfigurationPlatforms) = preSolution
		Debug|Win32 = Debug|Win32
		Release|Win32 = Release|Win32
	EndGlobalSection
	GlobalSection(ProjectConfigurationPlatforms) = postSolution
		{C68C44DB-1964-4363-9BE9-360C55F2BF06}.Debug|Win32.ActiveCfg = Debug|Win32
		{C68C44DB-1964-4363-9BE9-360C55F2BF06}.Debug|Win32.Build.0 = Debug|Win32
		{C68C44DB-1964-4363-9BE9-360C55F2BF06}.Release|Win32.ActiveCfg = Release|Win32
		{C68C44DB-1964-4363-9BE9-360C55F2BF06}.Release|Win32.Build.0 = Release|Win32
		{8D6B189A-424C-4643-85F9-5F9D03E91E0F}.Debug|Win32.ActiveCfg = Debug|Win32
		{8D6B189A-424C-4643-85F9-5F9D03E91E0F}.Debug|Win32.Build.0 = Debug|Win32
		{8D6B189A-424C-4643-85F9-5F9D03E91E0F}.Release|Win32.ActiveCfg = Release|Win32
		{8D6B189A-424C-4643-85F9-5F9D03E91E0F}.Release|Win32.Build.0 = Release|Win32
		{38B06E74-1D8E-44B1-9E0F-D9B9D054ED35}.Debug|Win32.ActiveCfg = Debug|Win32
		{38B06E74-1D8E-44B1-9E0F-D9B9D054ED35}.Debug|Win32.Build.0 = Debug|Win32
		{38B06E74-1D8E-44B1-9E0F-D9B9D054ED35}.Release|Win32.ActiveCfg = Release|Win32
		{38B06E74-1D8E-44B1-9E0F-D9B9D054ED35}.Release|Win32.Build.0 = Release|Win32
		{032001DD-BEB7-445A-8AF1-A49225917C1B}.Debug|Win32.ActiveCfg = Debug|Win32
		{032001DD-BEB7-445A-8AF1-A49225917C1B}.Debug|Win32.Build.0 = Debug|Win32
		{032001DD-BEB7-445A-8AF1-A49225917C1B}.Release|Win32.ActiveCfg = Release|Win32
		{032001DD-BEB7-445A-8AF1-A49225917C1B}.Release|Win32.Build.0 = Release|Win32
		{88A738FF-747F-4823-A395-9B03ED996A1D}.Debug|Win32.ActiveCfg = Debug|Win32
		{88A738FF-747F-4823-A395-9B03ED996A1D}.Debug|Win32.Build.0 = Debug|Win32
		{88A738FF-747F-4823-A395-9B03ED996A1D}.Release|Win32.ActiveCfg = Release|Win32
		{88A738FF-747F-4823-A395-9B03ED996A1D}.Release|Win32.Build.0 = Release|Win32
		{07C9AEC7-58FB-4719-A574-6A3924CE53F3}.Debug|Win32.ActiveCfg = Debug|Win32
		{07C9AEC7-58FB-4719-A574-6A3924CE53F3}.Debug|Win32.Build.0 = Debug|Win32
		{07C9AEC7-58FB-4719-A574-6A3924CE53F3}.Release|Win32.ActiveCfg = Release|Win32
		{07C9AEC7-58FB-4719-A574-6A3924CE53F3}.Release|Win32.Build.0 = Release|Win32
		{E2742342-969C-4418-BDBF-256AE80EFA52}.Debug|Win32.ActiveCfg = Debug|Win32
		{E2742342-969C-4418-BDBF-256AE80EFA52}.Debug|Win32.Build.0 = Debug|Win32
		{E2742342-969C-4418-BDBF-256AE80EFA52}.Release|Win32.ActiveCfg = Release|Win32
		{E2742342-969C-4418-BDBF-256AE80EFA52}.Release|Win32.Build.0 = Release|Win32
		{02F1B5C7-D063-4A01-AB3E-B8B356525F14}.Debug|Win32.ActiveCfg = Debug|Win32
		{02F1B5C7-D063-4A01-AB3E-B8B356525F14}.Debug|Win32.Build.0 = Debug|Win32
		{02F1B5C7-D063-4A01-AB3E-B8B356525F14}.Release|Win32.ActiveCfg = Release|Win32
		{02F1B5C7-D063-4A01-AB3E-B8B356525F14}.Release|Win32.Build.0 = Release|Win32
		{262EE9A1-6CFB-4332-A711-45949A973323}.Debug|Win32.ActiveCfg = Debug|Win32
		{262EE9A1-6CFB-4332-A711-45949A973323}.Debug|Win32.Build.0 = Debug|Win32
		{262EE9A1-6CFB-4332-A711-45949A973323}.Release|Win32.ActiveCfg = Release|Win32
		{262EE9A1-6CFB-4332-A711-45949A973323}.Release|Win32.Build.0 = Release|Win32
		{DFD2C1F8-FF83-4972-A013-6AA5DC71BD53}.Debug|Win32.ActiveCfg = Debug|Win32
		{DFD2C1F8-FF83-4972-A013-6AA5DC71BD53}.Debug|Win32.Build.0 = Debug|Win32
		{DFD2C1F8-FF83-4972-A013-6AA5DC71BD53}.Release|Win32.ActiveCfg = Release|Win32
		{DFD2C1F8-FF83-4972-A013-6AA5DC71BD53}.Release|Win32.Build.0 = Release|Win32
		{BA2BC11D-3C2B-4073-98EC-11CA13E6F8B8}.Debug|Win32.ActiveCfg = Debug|Win32
		{BA2BC11D-3C2B-4073-98EC-11CA13E6F8B8}.Debug|Win32.Build.0 = Debug|Win32
		{BA2BC11D-3C2B-4073-98EC-11CA13E6F8B8}.Release|Win32.ActiveCfg = Release|Win32
		{BA2BC11D-3C2B-4073-98EC-11CA13E6F8B8}.Release|Win32.Build.0 = Release|Win32
		{FEE4AD28-40FF-4361-B1BB-CBAA1E8A9DCC}.Debug|Win32.ActiveCfg = Debug|Win32
		{FEE4AD28-40FF-4361-B1BB-CBAA1E8A9DCC}.Debug|Win32.Build.0 = Debug|Win32
		{FEE4AD28-40FF-4361-B1BB-CBAA1E8A9DCC}.Release|Win32.ActiveCfg = Release|Win32
		{FEE4AD28-40FF-4361-B1BB-CBAA1E8A9DCC}.Release|Win32.Build.0 = Release|Win32
		{ED4B17C3-79B2-44B2-B73F-2A784F45E410}.Debug|Win32.ActiveCfg = Debug|Win32
		{ED4B17C3-79B2-44B2-B73F-2A784F45E410}.Debug|Win32.Build.0 = Debug|Win32
		{ED4B17C3-79B2-44B2-B73F-2A784F45E410}.Release|Win32.ActiveCfg = Release|Win32
		{ED4B17C3-79B2-44B2-B73F-2A784F45E410}.Release|Win32.Build.0 = Release|Win32
		{5CBAC682-864B-4EF7-B53A-7CC8693501D0}.Debug|Win32.ActiveCfg = Debug|Win32
		{5CBAC682-864B-4EF7-B53A-7CC8693501D0}.Debug|Win32.Build.0 = Debug|Win32
		{5CBAC682-864B-4EF7-B53A-7CC8693501D0}.Release|Win32.ActiveCfg = Release|Win32
		{5CBAC682-864B-4EF7-B53A-7CC8693501D0}.Release|Win32.Build.0 = Release|Win32
	EndGlobalSection
	GlobalSection(SolutionProperties) = preSolution
		HideSolutionNode = FALSE
	EndGlobalSection
EndGlobal
